
Microsoft Visual Studio Solution File, Format Version 12.00
# Visual Studio Version 17
VisualStudioVersion = 17.5.002.0
MinimumVisualStudioVersion = 10.0.40219.1
Project("{9A19103F-16F7-4668-BE54-9A1E7A4F7556}") = "SSForumAPI", "SSForumAPI\SSForumAPI.csproj", "{8FABD988-9A87-4D48-9881-2FC4BA068D41}"
EndProject
Global
	GlobalSection(SolutionConfigurationPlatforms) = preSolution
		Debug|Any CPU = Debug|Any CPU
		Release|Any CPU = Release|Any CPU
	EndGlobalSection
	GlobalSection(ProjectConfigurationPlatforms) = postSolution
		{8FABD988-9A87-4D48-9881-2FC4BA068D41}.Debug|Any CPU.ActiveCfg = Debug|Any CPU
		{8FABD988-9A87-4D48-9881-2FC4BA068D41}.Debug|Any CPU.Build.0 = Debug|Any CPU
		{8FABD988-9A87-4D48-9881-2FC4BA068D41}.Release|Any CPU.ActiveCfg = Release|Any CPU
		{8FABD988-9A87-4D48-9881-2FC4BA068D41}.Release|Any CPU.Build.0 = Release|Any CPU
	EndGlobalSection
	GlobalSection(SolutionProperties) = preSolution
		HideSolutionNode = FALSE
	EndGlobalSection
	GlobalSection(ExtensibilityGlobals) = postSolution
		SolutionGuid = {79636C50-035D-459D-AA8B-57DF7BDA8016}
	EndGlobalSection
EndGlobal
